// !$*UTF8*$!
{
	archiveVersion = 1;
	classes = {
	};
	objectVersion = 56;
	objects = {

/* Begin PBXBuildFile section */
		F78418C62A1F5AB2008F0D06 /* AppDelegate.swift in Sources */ = {isa = PBXBuildFile; fileRef = F78418C52A1F5AB2008F0D06 /* AppDelegate.swift */; };
		F78418C82A1F5AB2008F0D06 /* SceneDelegate.swift in Sources */ = {isa = PBXBuildFile; fileRef = F78418C72A1F5AB2008F0D06 /* SceneDelegate.swift */; };
		F78418CA2A1F5AB2008F0D06 /* ViewController.swift in Sources */ = {isa = PBXBuildFile; fileRef = F78418C92A1F5AB2008F0D06 /* ViewController.swift */; };
		F78418CD2A1F5AB2008F0D06 /* Main.storyboard in Resources */ = {isa = PBXBuildFile; fileRef = F78418CB2A1F5AB2008F0D06 /* Main.storyboard */; };
		F78418D02A1F5AB2008F0D06 /* NetflixClone.xcdatamodeld in Sources */ = {isa = PBXBuildFile; fileRef = F78418CE2A1F5AB2008F0D06 /* NetflixClone.xcdatamodeld */; };
		F78418D22A1F5AB3008F0D06 /* Assets.xcassets in Resources */ = {isa = PBXBuildFile; fileRef = F78418D12A1F5AB3008F0D06 /* Assets.xcassets */; };
		F78418D52A1F5AB3008F0D06 /* LaunchScreen.storyboard in Resources */ = {isa = PBXBuildFile; fileRef = F78418D32A1F5AB3008F0D06 /* LaunchScreen.storyboard */; };
		F78418E02A1F5AB3008F0D06 /* NetflixCloneTests.swift in Sources */ = {isa = PBXBuildFile; fileRef = F78418DF2A1F5AB3008F0D06 /* NetflixCloneTests.swift */; };
		F78418EA2A1F5AB3008F0D06 /* NetflixCloneUITests.swift in Sources */ = {isa = PBXBuildFile; fileRef = F78418E92A1F5AB3008F0D06 /* NetflixCloneUITests.swift */; };
		F78418EC2A1F5AB3008F0D06 /* NetflixCloneUITestsLaunchTests.swift in Sources */ = {isa = PBXBuildFile; fileRef = F78418EB2A1F5AB3008F0D06 /* NetflixCloneUITestsLaunchTests.swift */; };
/* End PBXBuildFile section */

/* Begin PBXContainerItemProxy section */
		F78418DC2A1F5AB3008F0D06 /* PBXContainerItemProxy */ = {
			isa = PBXContainerItemProxy;
			containerPortal = F78418BA2A1F5AB2008F0D06 /* Project object */;
			proxyType = 1;
			remoteGlobalIDString = F78418C12A1F5AB2008F0D06;
			remoteInfo = NetflixClone;
		};
		F78418E62A1F5AB3008F0D06 /* PBXContainerItemProxy */ = {
			isa = PBXContainerItemProxy;
			containerPortal = F78418BA2A1F5AB2008F0D06 /* Project object */;
			proxyType = 1;
			remoteGlobalIDString = F78418C12A1F5AB2008F0D06;
			remoteInfo = NetflixClone;
		};
/* End PBXContainerItemProxy section */

/* Begin PBXFileReference section */
		F78418C22A1F5AB2008F0D06 /* NetflixClone.app */ = {isa = PBXFileReference; explicitFileType = wrapper.application; includeInIndex = 0; path = NetflixClone.app; sourceTree = BUILT_PRODUCTS_DIR; };
		F78418C52A1F5AB2008F0D06 /* AppDelegate.swift */ = {isa = PBXFileReference; lastKnownFileType = sourcecode.swift; path = AppDelegate.swift; sourceTree = "<group>"; };
		F78418C72A1F5AB2008F0D06 /* SceneDelegate.swift */ = {isa = PBXFileReference; lastKnownFileType = sourcecode.swift; path = SceneDelegate.swift; sourceTree = "<group>"; };
		F78418C92A1F5AB2008F0D06 /* ViewController.swift */ = {isa = PBXFileReference; lastKnownFileType = sourcecode.swift; path = ViewController.swift; sourceTree = "<group>"; };
		F78418CC2A1F5AB2008F0D06 /* Base */ = {isa = PBXFileReference; lastKnownFileType = file.storyboard; name = Base; path = Base.lproj/Main.storyboard; sourceTree = "<group>"; };
		F78418CF2A1F5AB2008F0D06 /* NetflixClone.xcdatamodel */ = {isa = PBXFileReference; lastKnownFileType = wrapper.xcdatamodel; path = NetflixClone.xcdatamodel; sourceTree = "<group>"; };
		F78418D12A1F5AB3008F0D06 /* Assets.xcassets */ = {isa = PBXFileReference; lastKnownFileType = folder.assetcatalog; path = Assets.xcassets; sourceTree = "<group>"; };
		F78418D42A1F5AB3008F0D06 /* Base */ = {isa = PBXFileReference; lastKnownFileType = file.storyboard; name = Base; path = Base.lproj/LaunchScreen.storyboard; sourceTree = "<group>"; };
		F78418D62A1F5AB3008F0D06 /* Info.plist */ = {isa = PBXFileReference; lastKnownFileType = text.plist.xml; path = Info.plist; sourceTree = "<group>"; };
		F78418DB2A1F5AB3008F0D06 /* NetflixCloneTests.xctest */ = {isa = PBXFileReference; explicitFileType = wrapper.cfbundle; includeInIndex = 0; path = NetflixCloneTests.xctest; sourceTree = BUILT_PRODUCTS_DIR; };
		F78418DF2A1F5AB3008F0D06 /* NetflixCloneTests.swift */ = {isa = PBXFileReference; lastKnownFileType = sourcecode.swift; path = NetflixCloneTests.swift; sourceTree = "<group>"; };
		F78418E52A1F5AB3008F0D06 /* NetflixCloneUITests.xctest */ = {isa = PBXFileReference; explicitFileType = wrapper.cfbundle; includeInIndex = 0; path = NetflixCloneUITests.xctest; sourceTree = BUILT_PRODUCTS_DIR; };
		F78418E92A1F5AB3008F0D06 /* NetflixCloneUITests.swift */ = {isa = PBXFileReference; lastKnownFileType = sourcecode.swift; path = NetflixCloneUITests.swift; sourceTree = "<group>"; };
		F78418EB2A1F5AB3008F0D06 /* NetflixCloneUITestsLaunchTests.swift */ = {isa = PBXFileReference; lastKnownFileType = sourcecode.swift; path = NetflixCloneUITestsLaunchTests.swift; sourceTree = "<group>"; };
/* End PBXFileReference section */

/* Begin PBXFrameworksBuildPhase section */
		F78418BF2A1F5AB2008F0D06 /* Frameworks */ = {
			isa = PBXFrameworksBuildPhase;
			buildActionMask = 2147483647;
			files = (
			);
			runOnlyForDeploymentPostprocessing = 0;
		};
		F78418D82A1F5AB3008F0D06 /* Frameworks */ = {
			isa = PBXFrameworksBuildPhase;
			buildActionMask = 2147483647;
			files = (
			);
			runOnlyForDeploymentPostprocessing = 0;
		};
		F78418E22A1F5AB3008F0D06 /* Frameworks */ = {
			isa = PBXFrameworksBuildPhase;
			buildActionMask = 2147483647;
			files = (
			);
			runOnlyForDeploymentPostprocessing = 0;
		};
/* End PBXFrameworksBuildPhase section */

/* Begin PBXGroup section */
		F78418B92A1F5AB2008F0D06 = {
			isa = PBXGroup;
			children = (
				F78418C42A1F5AB2008F0D06 /* NetflixClone */,
				F78418DE2A1F5AB3008F0D06 /* NetflixCloneTests */,
				F78418E82A1F5AB3008F0D06 /* NetflixCloneUITests */,
				F78418C32A1F5AB2008F0D06 /* Products */,
			);
			sourceTree = "<group>";
		};
		F78418C32A1F5AB2008F0D06 /* Products */ = {
			isa = PBXGroup;
			children = (
				F78418C22A1F5AB2008F0D06 /* NetflixClone.app */,
				F78418DB2A1F5AB3008F0D06 /* NetflixCloneTests.xctest */,
				F78418E52A1F5AB3008F0D06 /* NetflixCloneUITests.xctest */,
			);
			name = Products;
			sourceTree = "<group>";
		};
		F78418C42A1F5AB2008F0D06 /* NetflixClone */ = {
			isa = PBXGroup;
			children = (
				F78418C52A1F5AB2008F0D06 /* AppDelegate.swift */,
				F78418C72A1F5AB2008F0D06 /* SceneDelegate.swift */,
				F78418C92A1F5AB2008F0D06 /* ViewController.swift */,
				F78418CB2A1F5AB2008F0D06 /* Main.storyboard */,
				F78418D12A1F5AB3008F0D06 /* Assets.xcassets */,
				F78418D32A1F5AB3008F0D06 /* LaunchScreen.storyboard */,
				F78418D62A1F5AB3008F0D06 /* Info.plist */,
				F78418CE2A1F5AB2008F0D06 /* NetflixClone.xcdatamodeld */,
			);
			path = NetflixClone;
			sourceTree = "<group>";
		};
		F78418DE2A1F5AB3008F0D06 /* NetflixCloneTests */ = {
			isa = PBXGroup;
			children = (
				F78418DF2A1F5AB3008F0D06 /* NetflixCloneTests.swift */,
			);
			path = NetflixCloneTests;
			sourceTree = "<group>";
		};
		F78418E82A1F5AB3008F0D06 /* NetflixCloneUITests */ = {
			isa = PBXGroup;
			children = (
				F78418E92A1F5AB3008F0D06 /* NetflixCloneUITests.swift */,
				F78418EB2A1F5AB3008F0D06 /* NetflixCloneUITestsLaunchTests.swift */,
			);
			path = NetflixCloneUITests;
			sourceTree = "<group>";
		};
/* End PBXGroup section */

/* Begin PBXNativeTarget section */
		F78418C12A1F5AB2008F0D06 /* NetflixClone */ = {
			isa = PBXNativeTarget;
			buildConfigurationList = F78418EF2A1F5AB3008F0D06 /* Build configuration list for PBXNativeTarget "NetflixClone" */;
			buildPhases = (
				F78418BE2A1F5AB2008F0D06 /* Sources */,
				F78418BF2A1F5AB2008F0D06 /* Frameworks */,
				F78418C02A1F5AB2008F0D06 /* Resources */,
			);
			buildRules = (
			);
			dependencies = (
			);
			name = NetflixClone;
			productName = NetflixClone;
			productReference = F78418C22A1F5AB2008F0D06 /* NetflixClone.app */;
			productType = "com.apple.product-type.application";
		};
		F78418DA2A1F5AB3008F0D06 /* NetflixCloneTests */ = {
			isa = PBXNativeTarget;
			buildConfigurationList = F78418F22A1F5AB3008F0D06 /* Build configuration list for PBXNativeTarget "NetflixCloneTests" */;
			buildPhases = (
				F78418D72A1F5AB3008F0D06 /* Sources */,
				F78418D82A1F5AB3008F0D06 /* Frameworks */,
				F78418D92A1F5AB3008F0D06 /* Resources */,
			);
			buildRules = (
			);
			dependencies = (
				F78418DD2A1F5AB3008F0D06 /* PBXTargetDependency */,
			);
			name = NetflixCloneTests;
			productName = NetflixCloneTests;
			productReference = F78418DB2A1F5AB3008F0D06 /* NetflixCloneTests.xctest */;
			productType = "com.apple.product-type.bundle.unit-test";
		};
		F78418E42A1F5AB3008F0D06 /* NetflixCloneUITests */ = {
			isa = PBXNativeTarget;
			buildConfigurationList = F78418F52A1F5AB3008F0D06 /* Build configuration list for PBXNativeTarget "NetflixCloneUITests" */;
			buildPhases = (
				F78418E12A1F5AB3008F0D06 /* Sources */,
				F78418E22A1F5AB3008F0D06 /* Frameworks */,
				F78418E32A1F5AB3008F0D06 /* Resources */,
			);
			buildRules = (
			);
			dependencies = (
				F78418E72A1F5AB3008F0D06 /* PBXTargetDependency */,
			);
			name = NetflixCloneUITests;
			productName = NetflixCloneUITests;
			productReference = F78418E52A1F5AB3008F0D06 /* NetflixCloneUITests.xctest */;
			productType = "com.apple.product-type.bundle.ui-testing";
		};
/* End PBXNativeTarget section */

/* Begin PBXProject section */
		F78418BA2A1F5AB2008F0D06 /* Project object */ = {
			isa = PBXProject;
			attributes = {
				BuildIndependentTargetsInParallel = 1;
				LastSwiftUpdateCheck = 1430;
				LastUpgradeCheck = 1430;
				TargetAttributes = {
					F78418C12A1F5AB2008F0D06 = {
						CreatedOnToolsVersion = 14.3;
					};
					F78418DA2A1F5AB3008F0D06 = {
						CreatedOnToolsVersion = 14.3;
						TestTargetID = F78418C12A1F5AB2008F0D06;
					};
					F78418E42A1F5AB3008F0D06 = {
						CreatedOnToolsVersion = 14.3;
						TestTargetID = F78418C12A1F5AB2008F0D06;
					};
				};
			};
			buildConfigurationList = F78418BD2A1F5AB2008F0D06 /* Build configuration list for PBXProject "NetflixClone" */;
			compatibilityVersion = "Xcode 14.0";
			developmentRegion = en;
			hasScannedForEncodings = 0;
			knownRegions = (
				en,
				Base,
			);
			mainGroup = F78418B92A1F5AB2008F0D06;
			productRefGroup = F78418C32A1F5AB2008F0D06 /* Products */;
			projectDirPath = "";
			projectRoot = "";
			targets = (
				F78418C12A1F5AB2008F0D06 /* NetflixClone */,
				F78418DA2A1F5AB3008F0D06 /* NetflixCloneTests */,
				F78418E42A1F5AB3008F0D06 /* NetflixCloneUITests */,
			);
		};
/* End PBXProject section */

/* Begin PBXResourcesBuildPhase section */
		F78418C02A1F5AB2008F0D06 /* Resources */ = {
			isa = PBXResourcesBuildPhase;
			buildActionMask = 2147483647;
			files = (
				F78418D52A1F5AB3008F0D06 /* LaunchScreen.storyboard in Resources */,
				F78418D22A1F5AB3008F0D06 /* Assets.xcassets in Resources */,
				F78418CD2A1F5AB2008F0D06 /* Main.storyboard in Resources */,
			);
			runOnlyForDeploymentPostprocessing = 0;
		};
		F78418D92A1F5AB3008F0D06 /* Resources */ = {
			isa = PBXResourcesBuildPhase;
			buildActionMask = 2147483647;
			files = (
			);
			runOnlyForDeploymentPostprocessing = 0;
		};
		F78418E32A1F5AB3008F0D06 /* Resources */ = {
			isa = PBXResourcesBuildPhase;
			buildActionMask = 2147483647;
			files = (
			);
			runOnlyForDeploymentPostprocessing = 0;
		};
/* End PBXResourcesBuildPhase section */

/* Begin PBXSourcesBuildPhase section */
		F78418BE2A1F5AB2008F0D06 /* Sources */ = {
			isa = PBXSourcesBuildPhase;
			buildActionMask = 2147483647;
			files = (
				F78418D02A1F5AB2008F0D06 /* NetflixClone.xcdatamodeld in Sources */,
				F78418CA2A1F5AB2008F0D06 /* ViewController.swift in Sources */,
				F78418C62A1F5AB2008F0D06 /* AppDelegate.swift in Sources */,
				F78418C82A1F5AB2008F0D06 /* SceneDelegate.swift in Sources */,
			);
			runOnlyForDeploymentPostprocessing = 0;
		};
		F78418D72A1F5AB3008F0D06 /* Sources */ = {
			isa = PBXSourcesBuildPhase;
			buildActionMask = 2147483647;
			files = (
				F78418E02A1F5AB3008F0D06 /* NetflixCloneTests.swift in Sources */,
			);
			runOnlyForDeploymentPostprocessing = 0;
		};
		F78418E12A1F5AB3008F0D06 /* Sources */ = {
			isa = PBXSourcesBuildPhase;
			buildActionMask = 2147483647;
			files = (
				F78418EA2A1F5AB3008F0D06 /* NetflixCloneUITests.swift in Sources */,
				F78418EC2A1F5AB3008F0D06 /* NetflixCloneUITestsLaunchTests.swift in Sources */,
			);
			runOnlyForDeploymentPostprocessing = 0;
		};
/* End PBXSourcesBuildPhase section */

/* Begin PBXTargetDependency section */
		F78418DD2A1F5AB3008F0D06 /* PBXTargetDependency */ = {
			isa = PBXTargetDependency;
			target = F78418C12A1F5AB2008F0D06 /* NetflixClone */;
			targetProxy = F78418DC2A1F5AB3008F0D06 /* PBXContainerItemProxy */;
		};
		F78418E72A1F5AB3008F0D06 /* PBXTargetDependency */ = {
			isa = PBXTargetDependency;
			target = F78418C12A1F5AB2008F0D06 /* NetflixClone */;
			targetProxy = F78418E62A1F5AB3008F0D06 /* PBXContainerItemProxy */;
		};
/* End PBXTargetDependency section */

/* Begin PBXVariantGroup section */
		F78418CB2A1F5AB2008F0D06 /* Main.storyboard */ = {
			isa = PBXVariantGroup;
			children = (
				F78418CC2A1F5AB2008F0D06 /* Base */,
			);
			name = Main.storyboard;
			sourceTree = "<group>";
		};
		F78418D32A1F5AB3008F0D06 /* LaunchScreen.storyboard */ = {
			isa = PBXVariantGroup;
			children = (
				F78418D42A1F5AB3008F0D06 /* Base */,
			);
			name = LaunchScreen.storyboard;
			sourceTree = "<group>";
		};
/* End PBXVariantGroup section */

/* Begin XCBuildConfiguration section */
		F78418ED2A1F5AB3008F0D06 /* Debug */ = {
			isa = XCBuildConfiguration;
			buildSettings = {
				ALWAYS_SEARCH_USER_PATHS = NO;
				CLANG_ANALYZER_NONNULL = YES;
				CLANG_ANALYZER_NUMBER_OBJECT_CONVERSION = YES_AGGRESSIVE;
				CLANG_CXX_LANGUAGE_STANDARD = "gnu++20";
				CLANG_ENABLE_MODULES = YES;
				CLANG_ENABLE_OBJC_ARC = YES;
				CLANG_ENABLE_OBJC_WEAK = YES;
				CLANG_WARN_BLOCK_CAPTURE_AUTORELEASING = YES;
				CLANG_WARN_BOOL_CONVERSION = YES;
				CLANG_WARN_COMMA = YES;
				CLANG_WARN_CONSTANT_CONVERSION = YES;
				CLANG_WARN_DEPRECATED_OBJC_IMPLEMENTATIONS = YES;
				CLANG_WARN_DIRECT_OBJC_ISA_USAGE = YES_ERROR;
				CLANG_WARN_DOCUMENTATION_COMMENTS = YES;
				CLANG_WARN_EMPTY_BODY = YES;
				CLANG_WARN_ENUM_CONVERSION = YES;
				CLANG_WARN_INFINITE_RECURSION = YES;
				CLANG_WARN_INT_CONVERSION = YES;
				CLANG_WARN_NON_LITERAL_NULL_CONVERSION = YES;
				CLANG_WARN_OBJC_IMPLICIT_RETAIN_SELF = YES;
				CLANG_WARN_OBJC_LITERAL_CONVERSION = YES;
				CLANG_WARN_OBJC_ROOT_CLASS = YES_ERROR;
				CLANG_WARN_QUOTED_INCLUDE_IN_FRAMEWORK_HEADER = YES;
				CLANG_WARN_RANGE_LOOP_ANALYSIS = YES;
				CLANG_WARN_STRICT_PROTOTYPES = YES;
				CLANG_WARN_SUSPICIOUS_MOVE = YES;
				CLANG_WARN_UNGUARDED_AVAILABILITY = YES_AGGRESSIVE;
				CLANG_WARN_UNREACHABLE_CODE = YES;
				CLANG_WARN__DUPLICATE_METHOD_MATCH = YES;
				COPY_PHASE_STRIP = NO;
				DEBUG_INFORMATION_FORMAT = dwarf;
				ENABLE_STRICT_OBJC_MSGSEND = YES;
				ENABLE_TESTABILITY = YES;
				GCC_C_LANGUAGE_STANDARD = gnu11;
				GCC_DYNAMIC_NO_PIC = NO;
				GCC_NO_COMMON_BLOCKS = YES;
				GCC_OPTIMIZATION_LEVEL = 0;
				GCC_PREPROCESSOR_DEFINITIONS = (
					"DEBUG=1",
					"$(inherited)",
				);
				GCC_WARN_64_TO_32_BIT_CONVERSION = YES;
				GCC_WARN_ABOUT_RETURN_TYPE = YES_ERROR;
				GCC_WARN_UNDECLARED_SELECTOR = YES;
				GCC_WARN_UNINITIALIZED_AUTOS = YES_AGGRESSIVE;
				GCC_WARN_UNUSED_FUNCTION = YES;
				GCC_WARN_UNUSED_VARIABLE = YES;
				IPHONEOS_DEPLOYMENT_TARGET = 16.4;
				MTL_ENABLE_DEBUG_INFO = INCLUDE_SOURCE;
				MTL_FAST_MATH = YES;
				ONLY_ACTIVE_ARCH = YES;
				SDKROOT = iphoneos;
				SWIFT_ACTIVE_COMPILATION_CONDITIONS = DEBUG;
				SWIFT_OPTIMIZATION_LEVEL = "-Onone";
			};
			name = Debug;
		};
		F78418EE2A1F5AB3008F0D06 /* Release */ = {
			isa = XCBuildConfiguration;
			buildSettings = {
				ALWAYS_SEARCH_USER_PATHS = NO;
				CLANG_ANALYZER_NONNULL = YES;
				CLANG_ANALYZER_NUMBER_OBJECT_CONVERSION = YES_AGGRESSIVE;
				CLANG_CXX_LANGUAGE_STANDARD = "gnu++20";
				CLANG_ENABLE_MODULES = YES;
				CLANG_ENABLE_OBJC_ARC = YES;
				CLANG_ENABLE_OBJC_WEAK = YES;
				CLANG_WARN_BLOCK_CAPTURE_AUTORELEASING = YES;
				CLANG_WARN_BOOL_CONVERSION = YES;
				CLANG_WARN_COMMA = YES;
				CLANG_WARN_CONSTANT_CONVERSION = YES;
				CLANG_WARN_DEPRECATED_OBJC_IMPLEMENTATIONS = YES;
				CLANG_WARN_DIRECT_OBJC_ISA_USAGE = YES_ERROR;
				CLANG_WARN_DOCUMENTATION_COMMENTS = YES;
				CLANG_WARN_EMPTY_BODY = YES;
				CLANG_WARN_ENUM_CONVERSION = YES;
				CLANG_WARN_INFINITE_RECURSION = YES;
				CLANG_WARN_INT_CONVERSION = YES;
				CLANG_WARN_NON_LITERAL_NULL_CONVERSION = YES;
				CLANG_WARN_OBJC_IMPLICIT_RETAIN_SELF = YES;
				CLANG_WARN_OBJC_LITERAL_CONVERSION = YES;
				CLANG_WARN_OBJC_ROOT_CLASS = YES_ERROR;
				CLANG_WARN_QUOTED_INCLUDE_IN_FRAMEWORK_HEADER = YES;
				CLANG_WARN_RANGE_LOOP_ANALYSIS = YES;
				CLANG_WARN_STRICT_PROTOTYPES = YES;
				CLANG_WARN_SUSPICIOUS_MOVE = YES;
				CLANG_WARN_UNGUARDED_AVAILABILITY = YES_AGGRESSIVE;
				CLANG_WARN_UNREACHABLE_CODE = YES;
				CLANG_WARN__DUPLICATE_METHOD_MATCH = YES;
				COPY_PHASE_STRIP = NO;
				DEBUG_INFORMATION_FORMAT = "dwarf-with-dsym";
				ENABLE_NS_ASSERTIONS = NO;
				ENABLE_STRICT_OBJC_MSGSEND = YES;
				GCC_C_LANGUAGE_STANDARD = gnu11;
				GCC_NO_COMMON_BLOCKS = YES;
				GCC_WARN_64_TO_32_BIT_CONVERSION = YES;
				GCC_WARN_ABOUT_RETURN_TYPE = YES_ERROR;
				GCC_WARN_UNDECLARED_SELECTOR = YES;
				GCC_WARN_UNINITIALIZED_AUTOS = YES_AGGRESSIVE;
				GCC_WARN_UNUSED_FUNCTION = YES;
				GCC_WARN_UNUSED_VARIABLE = YES;
				IPHONEOS_DEPLOYMENT_TARGET = 16.4;
				MTL_ENABLE_DEBUG_INFO = NO;
				MTL_FAST_MATH = YES;
				SDKROOT = iphoneos;
				SWIFT_COMPILATION_MODE = wholemodule;
				SWIFT_OPTIMIZATION_LEVEL = "-O";
				VALIDATE_PRODUCT = YES;
			};
			name = Release;
		};
		F78418F02A1F5AB3008F0D06 /* Debug */ = {
			isa = XCBuildConfiguration;
			buildSettings = {
				ASSETCATALOG_COMPILER_APPICON_NAME = AppIcon;
				ASSETCATALOG_COMPILER_GLOBAL_ACCENT_COLOR_NAME = AccentColor;
				CODE_SIGN_STYLE = Automatic;
				CURRENT_PROJECT_VERSION = 1;
				GENERATE_INFOPLIST_FILE = YES;
				INFOPLIST_FILE = NetflixClone/Info.plist;
				INFOPLIST_KEY_UIApplicationSupportsIndirectInputEvents = YES;
				INFOPLIST_KEY_UILaunchStoryboardName = LaunchScreen;
				INFOPLIST_KEY_UIMainStoryboardFile = Main;
				INFOPLIST_KEY_UISupportedInterfaceOrientations_iPad = "UIInterfaceOrientationPortrait UIInterfaceOrientationPortraitUpsideDown UIInterfaceOrientationLandscapeLeft UIInterfaceOrientationLandscapeRight";
				INFOPLIST_KEY_UISupportedInterfaceOrientations_iPhone = "UIInterfaceOrientationPortrait UIInterfaceOrientationLandscapeLeft UIInterfaceOrientationLandscapeRight";
				LD_RUNPATH_SEARCH_PATHS = (
					"$(inherited)",
					"@executable_path/Frameworks",
				);
				MARKETING_VERSION = 1.0;
				PRODUCT_BUNDLE_IDENTIFIER = com.bs.NetflixClone;
				PRODUCT_NAME = "$(TARGET_NAME)";
				SWIFT_EMIT_LOC_STRINGS = YES;
				SWIFT_VERSION = 5.0;
				TARGETED_DEVICE_FAMILY = "1,2";
			};
			name = Debug;
		};
		F78418F12A1F5AB3008F0D06 /* Release */ = {
			isa = XCBuildConfiguration;
			buildSettings = {
				ASSETCATALOG_COMPILER_APPICON_NAME = AppIcon;
				ASSETCATALOG_COMPILER_GLOBAL_ACCENT_COLOR_NAME = AccentColor;
				CODE_SIGN_STYLE = Automatic;
				CURRENT_PROJECT_VERSION = 1;
				GENERATE_INFOPLIST_FILE = YES;
				INFOPLIST_FILE = NetflixClone/Info.plist;
				INFOPLIST_KEY_UIApplicationSupportsIndirectInputEvents = YES;
				INFOPLIST_KEY_UILaunchStoryboardName = LaunchScreen;
				INFOPLIST_KEY_UIMainStoryboardFile = Main;
				INFOPLIST_KEY_UISupportedInterfaceOrientations_iPad = "UIInterfaceOrientationPortrait UIInterfaceOrientationPortraitUpsideDown UIInterfaceOrientationLandscapeLeft UIInterfaceOrientationLandscapeRight";
				INFOPLIST_KEY_UISupportedInterfaceOrientations_iPhone = "UIInterfaceOrientationPortrait UIInterfaceOrientationLandscapeLeft UIInterfaceOrientationLandscapeRight";
				LD_RUNPATH_SEARCH_PATHS = (
					"$(inherited)",
					"@executable_path/Frameworks",
				);
				MARKETING_VERSION = 1.0;
				PRODUCT_BUNDLE_IDENTIFIER = com.bs.NetflixClone;
				PRODUCT_NAME = "$(TARGET_NAME)";
				SWIFT_EMIT_LOC_STRINGS = YES;
				SWIFT_VERSION = 5.0;
				TARGETED_DEVICE_FAMILY = "1,2";
			};
			name = Release;
		};
		F78418F32A1F5AB3008F0D06 /* Debug */ = {
			isa = XCBuildConfiguration;
			buildSettings = {
				ALWAYS_EMBED_SWIFT_STANDARD_LIBRARIES = YES;
				BUNDLE_LOADER = "$(TEST_HOST)";
				CODE_SIGN_STYLE = Automatic;
				CURRENT_PROJECT_VERSION = 1;
				GENERATE_INFOPLIST_FILE = YES;
				IPHONEOS_DEPLOYMENT_TARGET = 16.4;
				MARKETING_VERSION = 1.0;
				PRODUCT_BUNDLE_IDENTIFIER = com.bs.NetflixCloneTests;
				PRODUCT_NAME = "$(TARGET_NAME)";
				SWIFT_EMIT_LOC_STRINGS = NO;
				SWIFT_VERSION = 5.0;
				TARGETED_DEVICE_FAMILY = "1,2";
				TEST_HOST = "$(BUILT_PRODUCTS_DIR)/NetflixClone.app/$(BUNDLE_EXECUTABLE_FOLDER_PATH)/NetflixClone";
			};
			name = Debug;
		};
		F78418F42A1F5AB3008F0D06 /* Release */ = {
			isa = XCBuildConfiguration;
			buildSettings = {
				ALWAYS_EMBED_SWIFT_STANDARD_LIBRARIES = YES;
				BUNDLE_LOADER = "$(TEST_HOST)";
				CODE_SIGN_STYLE = Automatic;
				CURRENT_PROJECT_VERSION = 1;
				GENERATE_INFOPLIST_FILE = YES;
				IPHONEOS_DEPLOYMENT_TARGET = 16.4;
				MARKETING_VERSION = 1.0;
				PRODUCT_BUNDLE_IDENTIFIER = com.bs.NetflixCloneTests;
				PRODUCT_NAME = "$(TARGET_NAME)";
				SWIFT_EMIT_LOC_STRINGS = NO;
				SWIFT_VERSION = 5.0;
				TARGETED_DEVICE_FAMILY = "1,2";
				TEST_HOST = "$(BUILT_PRODUCTS_DIR)/NetflixClone.app/$(BUNDLE_EXECUTABLE_FOLDER_PATH)/NetflixClone";
			};
			name = Release;
		};
		F78418F62A1F5AB3008F0D06 /* Debug */ = {
			isa = XCBuildConfiguration;
			buildSettings = {
				ALWAYS_EMBED_SWIFT_STANDARD_LIBRARIES = YES;
				CODE_SIGN_STYLE = Automatic;
				CURRENT_PROJECT_VERSION = 1;
				GENERATE_INFOPLIST_FILE = YES;
				MARKETING_VERSION = 1.0;
				PRODUCT_BUNDLE_IDENTIFIER = com.bs.NetflixCloneUITests;
				PRODUCT_NAME = "$(TARGET_NAME)";
				SWIFT_EMIT_LOC_STRINGS = NO;
				SWIFT_VERSION = 5.0;
				TARGETED_DEVICE_FAMILY = "1,2";
				TEST_TARGET_NAME = NetflixClone;
			};
			name = Debug;
		};
		F78418F72A1F5AB3008F0D06 /* Release */ = {
			isa = XCBuildConfiguration;
			buildSettings = {
				ALWAYS_EMBED_SWIFT_STANDARD_LIBRARIES = YES;
				CODE_SIGN_STYLE = Automatic;
				CURRENT_PROJECT_VERSION = 1;
				GENERATE_INFOPLIST_FILE = YES;
				MARKETING_VERSION = 1.0;
				PRODUCT_BUNDLE_IDENTIFIER = com.bs.NetflixCloneUITests;
				PRODUCT_NAME = "$(TARGET_NAME)";
				SWIFT_EMIT_LOC_STRINGS = NO;
				SWIFT_VERSION = 5.0;
				TARGETED_DEVICE_FAMILY = "1,2";
				TEST_TARGET_NAME = NetflixClone;
			};
			name = Release;
		};
/* End XCBuildConfiguration section */

/* Begin XCConfigurationList section */
		F78418BD2A1F5AB2008F0D06 /* Build configuration list for PBXProject "NetflixClone" */ = {
			isa = XCConfigurationList;
			buildConfigurations = (
				F78418ED2A1F5AB3008F0D06 /* Debug */,
				F78418EE2A1F5AB3008F0D06 /* Release */,
			);
			defaultConfigurationIsVisible = 0;
			defaultConfigurationName = Release;
		};
		F78418EF2A1F5AB3008F0D06 /* Build configuration list for PBXNativeTarget "NetflixClone" */ = {
			isa = XCConfigurationList;
			buildConfigurations = (
				F78418F02A1F5AB3008F0D06 /* Debug */,
				F78418F12A1F5AB3008F0D06 /* Release */,
			);
			defaultConfigurationIsVisible = 0;
			defaultConfigurationName = Release;
		};
		F78418F22A1F5AB3008F0D06 /* Build configuration list for PBXNativeTarget "NetflixCloneTests" */ = {
			isa = XCConfigurationList;
			buildConfigurations = (
				F78418F32A1F5AB3008F0D06 /* Debug */,
				F78418F42A1F5AB3008F0D06 /* Release */,
			);
			defaultConfigurationIsVisible = 0;
			defaultConfigurationName = Release;
		};
		F78418F52A1F5AB3008F0D06 /* Build configuration list for PBXNativeTarget "NetflixCloneUITests" */ = {
			isa = XCConfigurationList;
			buildConfigurations = (
				F78418F62A1F5AB3008F0D06 /* Debug */,
				F78418F72A1F5AB3008F0D06 /* Release */,
			);
			defaultConfigurationIsVisible = 0;
			defaultConfigurationName = Release;
		};
/* End XCConfigurationList section */

/* Begin XCVersionGroup section */
		F78418CE2A1F5AB2008F0D06 /* NetflixClone.xcdatamodeld */ = {
			isa = XCVersionGroup;
			children = (
				F78418CF2A1F5AB2008F0D06 /* NetflixClone.xcdatamodel */,
			);
			currentVersion = F78418CF2A1F5AB2008F0D06 /* NetflixClone.xcdatamodel */;
			path = NetflixClone.xcdatamodeld;
			sourceTree = "<group>";
			versionGroupType = wrapper.xcdatamodel;
		};
/* End XCVersionGroup section */
	};
	rootObject = F78418BA2A1F5AB2008F0D06 /* Project object */;
}
